
Microsoft Visual Studio Solution File, Format Version 12.00
# Visual Studio Version 16
VisualStudioVersion = 16.0.30406.217
MinimumVisualStudioVersion = 15.0.26124.0
Project("{2150E333-8FDC-42A3-9474-1A3956D46DE8}") = "IS4 Microservice", "IS4 Microservice", "{1ECFDA6E-3FE9-492D-B4B1-413BA4271DA5}"
EndProject
Project("{2150E333-8FDC-42A3-9474-1A3956D46DE8}") = "Incident Microservice", "Incident Microservice", "{128A62BE-F4FD-4CBE-862D-20A067D972C7}"
	ProjectSection(SolutionItems) = preProject
		IS4_URIs.txt = IS4_URIs.txt
		Migration.txt = Migration.txt
	EndProjectSection
EndProject
Project("{2150E333-8FDC-42A3-9474-1A3956D46DE8}") = "Activity Microservice", "Activity Microservice", "{0C0104E1-3A3E-42EB-B9B6-7E87FAB5D7DE}"
EndProject
Project("{2150E333-8FDC-42A3-9474-1A3956D46DE8}") = "0 - Client", "0 - Client", "{A59B3A8D-0237-496D-961C-1A197D74DF57}"
EndProject
Project("{2150E333-8FDC-42A3-9474-1A3956D46DE8}") = "1 - Application", "1 - Application", "{DB0423C2-9AD0-4811-AECC-AA5DBCF64A86}"
EndProject
Project("{2150E333-8FDC-42A3-9474-1A3956D46DE8}") = "2 - Domain", "2 - Domain", "{09C24494-F9A4-4815-A083-EDB7453D64B7}"
EndProject
Project("{2150E333-8FDC-42A3-9474-1A3956D46DE8}") = "3 - Infra", "3 - Infra", "{38838EC0-2421-4EE1-82B4-BA8BA1AD192E}"
EndProject
Project("{9A19103F-16F7-4668-BE54-9A1E7A4F7556}") = "ICSApp.IncidentService.Domain", "ICSApp.IncidentService\ICSApp.IncidentService.Domain\ICSApp.IncidentService.Domain.csproj", "{DCE97DA5-E725-4A7D-8D05-5E4D522F893B}"
EndProject
Project("{9A19103F-16F7-4668-BE54-9A1E7A4F7556}") = "ICSApp.IncidentService.WebClient", "ICSApp.IncidentService\ICSApp.IncidentService.WebClient\ICSApp.IncidentService.WebClient.csproj", "{D0684539-3B8F-466F-9A9F-D769F8EDE8F8}"
EndProject
Project("{9A19103F-16F7-4668-BE54-9A1E7A4F7556}") = "ICSApp.IncidentService.Application", "ICSApp.IncidentService\ICSApp.IncidentService.Application\ICSApp.IncidentService.Application.csproj", "{8DCC2247-DBEC-477E-BC82-E99CD1B64366}"
EndProject
Project("{9A19103F-16F7-4668-BE54-9A1E7A4F7556}") = "ICSApp.IncidentService.Infra", "ICSApp.IncidentService\ICSApp.IncidentService.Infra\ICSApp.IncidentService.Infra.csproj", "{D1119867-032C-4658-9836-8839AD3E44FF}"
EndProject
Project("{2150E333-8FDC-42A3-9474-1A3956D46DE8}") = "0 - Client", "0 - Client", "{B1E30D0E-E9D2-4DA0-A4AA-239CCFE87514}"
EndProject
Project("{2150E333-8FDC-42A3-9474-1A3956D46DE8}") = "1 - Application", "1 - Application", "{7F75F97D-9446-46C6-8CFF-65CDD5FF60CF}"
EndProject
Project("{2150E333-8FDC-42A3-9474-1A3956D46DE8}") = "2 - Domain", "2 - Domain", "{95D20CDF-8E6E-4407-9351-6643AC1F6F33}"
EndProject
Project("{2150E333-8FDC-42A3-9474-1A3956D46DE8}") = "3 - Infra", "3 - Infra", "{11E66E64-D3E2-43BC-B516-40237F915283}"
EndProject
Project("{9A19103F-16F7-4668-BE54-9A1E7A4F7556}") = "ICSApp.ActivityService.WebClient", "ICSApp.ActivityService\ICSApp.ActivityService.WebClient\ICSApp.ActivityService.WebClient.csproj", "{2A8BFAB1-5573-4540-8585-A03A35682D1E}"
EndProject
Project("{9A19103F-16F7-4668-BE54-9A1E7A4F7556}") = "ICSApp.ActivityService.Application", "ICSApp.ActivityService\ICSApp.ActivityService.Application\ICSApp.ActivityService.Application.csproj", "{46BCE6AF-A076-4827-B07A-9AD80D5A2856}"
EndProject
Project("{9A19103F-16F7-4668-BE54-9A1E7A4F7556}") = "ICSApp.ActivityService.Domain", "ICSApp.ActivityService\ICSApp.ActivityService.Domain\ICSApp.ActivityService.Domain.csproj", "{7EFC6934-7B5F-45DB-82E8-40236A1E0B25}"
EndProject
Project("{9A19103F-16F7-4668-BE54-9A1E7A4F7556}") = "ICSApp.ActivityService.Infra", "ICSApp.ActivityService\ICSApp.ActivityService.Infra\ICSApp.ActivityService.Infra.csproj", "{02EC148A-1EC9-474D-806D-C267BEC5CD1D}"
EndProject
Project("{9A19103F-16F7-4668-BE54-9A1E7A4F7556}") = "ICSApp.IncidentService.Notification", "ICSApp.IncidentService\ICSApp.IncidentService.Notification\ICSApp.IncidentService.Notification.csproj", "{1CCD3F4E-F98D-4FBA-961D-36FFA76055C5}"
EndProject
Project("{9A19103F-16F7-4668-BE54-9A1E7A4F7556}") = "ICSApp.ActivityService.Notification", "ICSApp.ActivityService\ICSApp.ActivityService.Notification\ICSApp.ActivityService.Notification.csproj", "{93CA42D7-4C97-4810-A6F0-F21942375C20}"
EndProject
Global
	GlobalSection(SolutionConfigurationPlatforms) = preSolution
		Debug|Any CPU = Debug|Any CPU
		Debug|x64 = Debug|x64
		Debug|x86 = Debug|x86
		Release|Any CPU = Release|Any CPU
		Release|x64 = Release|x64
		Release|x86 = Release|x86
	EndGlobalSection
	GlobalSection(ProjectConfigurationPlatforms) = postSolution
		{DCE97DA5-E725-4A7D-8D05-5E4D522F893B}.Debug|Any CPU.ActiveCfg = Debug|Any CPU
		{DCE97DA5-E725-4A7D-8D05-5E4D522F893B}.Debug|Any CPU.Build.0 = Debug|Any CPU
		{DCE97DA5-E725-4A7D-8D05-5E4D522F893B}.Debug|x64.ActiveCfg = Debug|Any CPU
		{DCE97DA5-E725-4A7D-8D05-5E4D522F893B}.Debug|x64.Build.0 = Debug|Any CPU
		{DCE97DA5-E725-4A7D-8D05-5E4D522F893B}.Debug|x86.ActiveCfg = Debug|Any CPU
		{DCE97DA5-E725-4A7D-8D05-5E4D522F893B}.Debug|x86.Build.0 = Debug|Any CPU
		{DCE97DA5-E725-4A7D-8D05-5E4D522F893B}.Release|Any CPU.ActiveCfg = Release|Any CPU
		{DCE97DA5-E725-4A7D-8D05-5E4D522F893B}.Release|Any CPU.Build.0 = Release|Any CPU
		{DCE97DA5-E725-4A7D-8D05-5E4D522F893B}.Release|x64.ActiveCfg = Release|Any CPU
		{DCE97DA5-E725-4A7D-8D05-5E4D522F893B}.Release|x64.Build.0 = Release|Any CPU
		{DCE97DA5-E725-4A7D-8D05-5E4D522F893B}.Release|x86.ActiveCfg = Release|Any CPU
		{DCE97DA5-E725-4A7D-8D05-5E4D522F893B}.Release|x86.Build.0 = Release|Any CPU
		{D0684539-3B8F-466F-9A9F-D769F8EDE8F8}.Debug|Any CPU.ActiveCfg = Debug|Any CPU
		{D0684539-3B8F-466F-9A9F-D769F8EDE8F8}.Debug|Any CPU.Build.0 = Debug|Any CPU
		{D0684539-3B8F-466F-9A9F-D769F8EDE8F8}.Debug|x64.ActiveCfg = Debug|Any CPU
		{D0684539-3B8F-466F-9A9F-D769F8EDE8F8}.Debug|x64.Build.0 = Debug|Any CPU
		{D0684539-3B8F-466F-9A9F-D769F8EDE8F8}.Debug|x86.ActiveCfg = Debug|Any CPU
		{D0684539-3B8F-466F-9A9F-D769F8EDE8F8}.Debug|x86.Build.0 = Debug|Any CPU
		{D0684539-3B8F-466F-9A9F-D769F8EDE8F8}.Release|Any CPU.ActiveCfg = Release|Any CPU
		{D0684539-3B8F-466F-9A9F-D769F8EDE8F8}.Release|Any CPU.Build.0 = Release|Any CPU
		{D0684539-3B8F-466F-9A9F-D769F8EDE8F8}.Release|x64.ActiveCfg = Release|Any CPU
		{D0684539-3B8F-466F-9A9F-D769F8EDE8F8}.Release|x64.Build.0 = Release|Any CPU
		{D0684539-3B8F-466F-9A9F-D769F8EDE8F8}.Release|x86.ActiveCfg = Release|Any CPU
		{D0684539-3B8F-466F-9A9F-D769F8EDE8F8}.Release|x86.Build.0 = Release|Any CPU
		{8DCC2247-DBEC-477E-BC82-E99CD1B64366}.Debug|Any CPU.ActiveCfg = Debug|Any CPU
		{8DCC2247-DBEC-477E-BC82-E99CD1B64366}.Debug|Any CPU.Build.0 = Debug|Any CPU
		{8DCC2247-DBEC-477E-BC82-E99CD1B64366}.Debug|x64.ActiveCfg = Debug|Any CPU
		{8DCC2247-DBEC-477E-BC82-E99CD1B64366}.Debug|x64.Build.0 = Debug|Any CPU
		{8DCC2247-DBEC-477E-BC82-E99CD1B64366}.Debug|x86.ActiveCfg = Debug|Any CPU
		{8DCC2247-DBEC-477E-BC82-E99CD1B64366}.Debug|x86.Build.0 = Debug|Any CPU
		{8DCC2247-DBEC-477E-BC82-E99CD1B64366}.Release|Any CPU.ActiveCfg = Release|Any CPU
		{8DCC2247-DBEC-477E-BC82-E99CD1B64366}.Release|Any CPU.Build.0 = Release|Any CPU
		{8DCC2247-DBEC-477E-BC82-E99CD1B64366}.Release|x64.ActiveCfg = Release|Any CPU
		{8DCC2247-DBEC-477E-BC82-E99CD1B64366}.Release|x64.Build.0 = Release|Any CPU
		{8DCC2247-DBEC-477E-BC82-E99CD1B64366}.Release|x86.ActiveCfg = Release|Any CPU
		{8DCC2247-DBEC-477E-BC82-E99CD1B64366}.Release|x86.Build.0 = Release|Any CPU
		{D1119867-032C-4658-9836-8839AD3E44FF}.Debug|Any CPU.ActiveCfg = Debug|Any CPU
		{D1119867-032C-4658-9836-8839AD3E44FF}.Debug|Any CPU.Build.0 = Debug|Any CPU
		{D1119867-032C-4658-9836-8839AD3E44FF}.Debug|x64.ActiveCfg = Debug|Any CPU
		{D1119867-032C-4658-9836-8839AD3E44FF}.Debug|x64.Build.0 = Debug|Any CPU
		{D1119867-032C-4658-9836-8839AD3E44FF}.Debug|x86.ActiveCfg = Debug|Any CPU
		{D1119867-032C-4658-9836-8839AD3E44FF}.Debug|x86.Build.0 = Debug|Any CPU
		{D1119867-032C-4658-9836-8839AD3E44FF}.Release|Any CPU.ActiveCfg = Release|Any CPU
		{D1119867-032C-4658-9836-8839AD3E44FF}.Release|Any CPU.Build.0 = Release|Any CPU
		{D1119867-032C-4658-9836-8839AD3E44FF}.Release|x64.ActiveCfg = Release|Any CPU
		{D1119867-032C-4658-9836-8839AD3E44FF}.Release|x64.Build.0 = Release|Any CPU
		{D1119867-032C-4658-9836-8839AD3E44FF}.Release|x86.ActiveCfg = Release|Any CPU
		{D1119867-032C-4658-9836-8839AD3E44FF}.Release|x86.Build.0 = Release|Any CPU
		{2A8BFAB1-5573-4540-8585-A03A35682D1E}.Debug|Any CPU.ActiveCfg = Debug|Any CPU
		{2A8BFAB1-5573-4540-8585-A03A35682D1E}.Debug|Any CPU.Build.0 = Debug|Any CPU
		{2A8BFAB1-5573-4540-8585-A03A35682D1E}.Debug|x64.ActiveCfg = Debug|Any CPU
		{2A8BFAB1-5573-4540-8585-A03A35682D1E}.Debug|x64.Build.0 = Debug|Any CPU
		{2A8BFAB1-5573-4540-8585-A03A35682D1E}.Debug|x86.ActiveCfg = Debug|Any CPU
		{2A8BFAB1-5573-4540-8585-A03A35682D1E}.Debug|x86.Build.0 = Debug|Any CPU
		{2A8BFAB1-5573-4540-8585-A03A35682D1E}.Release|Any CPU.ActiveCfg = Release|Any CPU
		{2A8BFAB1-5573-4540-8585-A03A35682D1E}.Release|Any CPU.Build.0 = Release|Any CPU
		{2A8BFAB1-5573-4540-8585-A03A35682D1E}.Release|x64.ActiveCfg = Release|Any CPU
		{2A8BFAB1-5573-4540-8585-A03A35682D1E}.Release|x64.Build.0 = Release|Any CPU
		{2A8BFAB1-5573-4540-8585-A03A35682D1E}.Release|x86.ActiveCfg = Release|Any CPU
		{2A8BFAB1-5573-4540-8585-A03A35682D1E}.Release|x86.Build.0 = Release|Any CPU
		{46BCE6AF-A076-4827-B07A-9AD80D5A2856}.Debug|Any CPU.ActiveCfg = Debug|Any CPU
		{46BCE6AF-A076-4827-B07A-9AD80D5A2856}.Debug|Any CPU.Build.0 = Debug|Any CPU
		{46BCE6AF-A076-4827-B07A-9AD80D5A2856}.Debug|x64.ActiveCfg = Debug|Any CPU
		{46BCE6AF-A076-4827-B07A-9AD80D5A2856}.Debug|x64.Build.0 = Debug|Any CPU
		{46BCE6AF-A076-4827-B07A-9AD80D5A2856}.Debug|x86.ActiveCfg = Debug|Any CPU
		{46BCE6AF-A076-4827-B07A-9AD80D5A2856}.Debug|x86.Build.0 = Debug|Any CPU
		{46BCE6AF-A076-4827-B07A-9AD80D5A2856}.Release|Any CPU.ActiveCfg = Release|Any CPU
		{46BCE6AF-A076-4827-B07A-9AD80D5A2856}.Release|Any CPU.Build.0 = Release|Any CPU
		{46BCE6AF-A076-4827-B07A-9AD80D5A2856}.Release|x64.ActiveCfg = Release|Any CPU
		{46BCE6AF-A076-4827-B07A-9AD80D5A2856}.Release|x64.Build.0 = Release|Any CPU
		{46BCE6AF-A076-4827-B07A-9AD80D5A2856}.Release|x86.ActiveCfg = Release|Any CPU
		{46BCE6AF-A076-4827-B07A-9AD80D5A2856}.Release|x86.Build.0 = Release|Any CPU
		{7EFC6934-7B5F-45DB-82E8-40236A1E0B25}.Debug|Any CPU.ActiveCfg = Debug|Any CPU
		{7EFC6934-7B5F-45DB-82E8-40236A1E0B25}.Debug|Any CPU.Build.0 = Debug|Any CPU
		{7EFC6934-7B5F-45DB-82E8-40236A1E0B25}.Debug|x64.ActiveCfg = Debug|Any CPU
		{7EFC6934-7B5F-45DB-82E8-40236A1E0B25}.Debug|x64.Build.0 = Debug|Any CPU
		{7EFC6934-7B5F-45DB-82E8-40236A1E0B25}.Debug|x86.ActiveCfg = Debug|Any CPU
		{7EFC6934-7B5F-45DB-82E8-40236A1E0B25}.Debug|x86.Build.0 = Debug|Any CPU
		{7EFC6934-7B5F-45DB-82E8-40236A1E0B25}.Release|Any CPU.ActiveCfg = Release|Any CPU
		{7EFC6934-7B5F-45DB-82E8-40236A1E0B25}.Release|Any CPU.Build.0 = Release|Any CPU
		{7EFC6934-7B5F-45DB-82E8-40236A1E0B25}.Release|x64.ActiveCfg = Release|Any CPU
		{7EFC6934-7B5F-45DB-82E8-40236A1E0B25}.Release|x64.Build.0 = Release|Any CPU
		{7EFC6934-7B5F-45DB-82E8-40236A1E0B25}.Release|x86.ActiveCfg = Release|Any CPU
		{7EFC6934-7B5F-45DB-82E8-40236A1E0B25}.Release|x86.Build.0 = Release|Any CPU
		{02EC148A-1EC9-474D-806D-C267BEC5CD1D}.Debug|Any CPU.ActiveCfg = Debug|Any CPU
		{02EC148A-1EC9-474D-806D-C267BEC5CD1D}.Debug|Any CPU.Build.0 = Debug|Any CPU
		{02EC148A-1EC9-474D-806D-C267BEC5CD1D}.Debug|x64.ActiveCfg = Debug|Any CPU
		{02EC148A-1EC9-474D-806D-C267BEC5CD1D}.Debug|x64.Build.0 = Debug|Any CPU
		{02EC148A-1EC9-474D-806D-C267BEC5CD1D}.Debug|x86.ActiveCfg = Debug|Any CPU
		{02EC148A-1EC9-474D-806D-C267BEC5CD1D}.Debug|x86.Build.0 = Debug|Any CPU
		{02EC148A-1EC9-474D-806D-C267BEC5CD1D}.Release|Any CPU.ActiveCfg = Release|Any CPU
		{02EC148A-1EC9-474D-806D-C267BEC5CD1D}.Release|Any CPU.Build.0 = Release|Any CPU
		{02EC148A-1EC9-474D-806D-C267BEC5CD1D}.Release|x64.ActiveCfg = Release|Any CPU
		{02EC148A-1EC9-474D-806D-C267BEC5CD1D}.Release|x64.Build.0 = Release|Any CPU
		{02EC148A-1EC9-474D-806D-C267BEC5CD1D}.Release|x86.ActiveCfg = Release|Any CPU
		{02EC148A-1EC9-474D-806D-C267BEC5CD1D}.Release|x86.Build.0 = Release|Any CPU
		{1CCD3F4E-F98D-4FBA-961D-36FFA76055C5}.Debug|Any CPU.ActiveCfg = Debug|Any CPU
		{1CCD3F4E-F98D-4FBA-961D-36FFA76055C5}.Debug|Any CPU.Build.0 = Debug|Any CPU
		{1CCD3F4E-F98D-4FBA-961D-36FFA76055C5}.Debug|x64.ActiveCfg = Debug|Any CPU
		{1CCD3F4E-F98D-4FBA-961D-36FFA76055C5}.Debug|x64.Build.0 = Debug|Any CPU
		{1CCD3F4E-F98D-4FBA-961D-36FFA76055C5}.Debug|x86.ActiveCfg = Debug|Any CPU
		{1CCD3F4E-F98D-4FBA-961D-36FFA76055C5}.Debug|x86.Build.0 = Debug|Any CPU
		{1CCD3F4E-F98D-4FBA-961D-36FFA76055C5}.Release|Any CPU.ActiveCfg = Release|Any CPU
		{1CCD3F4E-F98D-4FBA-961D-36FFA76055C5}.Release|Any CPU.Build.0 = Release|Any CPU
		{1CCD3F4E-F98D-4FBA-961D-36FFA76055C5}.Release|x64.ActiveCfg = Release|Any CPU
		{1CCD3F4E-F98D-4FBA-961D-36FFA76055C5}.Release|x64.Build.0 = Release|Any CPU
		{1CCD3F4E-F98D-4FBA-961D-36FFA76055C5}.Release|x86.ActiveCfg = Release|Any CPU
		{1CCD3F4E-F98D-4FBA-961D-36FFA76055C5}.Release|x86.Build.0 = Release|Any CPU
		{93CA42D7-4C97-4810-A6F0-F21942375C20}.Debug|Any CPU.ActiveCfg = Debug|Any CPU
		{93CA42D7-4C97-4810-A6F0-F21942375C20}.Debug|Any CPU.Build.0 = Debug|Any CPU
		{93CA42D7-4C97-4810-A6F0-F21942375C20}.Debug|x64.ActiveCfg = Debug|Any CPU
		{93CA42D7-4C97-4810-A6F0-F21942375C20}.Debug|x64.Build.0 = Debug|Any CPU
		{93CA42D7-4C97-4810-A6F0-F21942375C20}.Debug|x86.ActiveCfg = Debug|Any CPU
		{93CA42D7-4C97-4810-A6F0-F21942375C20}.Debug|x86.Build.0 = Debug|Any CPU
		{93CA42D7-4C97-4810-A6F0-F21942375C20}.Release|Any CPU.ActiveCfg = Release|Any CPU
		{93CA42D7-4C97-4810-A6F0-F21942375C20}.Release|Any CPU.Build.0 = Release|Any CPU
		{93CA42D7-4C97-4810-A6F0-F21942375C20}.Release|x64.ActiveCfg = Release|Any CPU
		{93CA42D7-4C97-4810-A6F0-F21942375C20}.Release|x64.Build.0 = Release|Any CPU
		{93CA42D7-4C97-4810-A6F0-F21942375C20}.Release|x86.ActiveCfg = Release|Any CPU
		{93CA42D7-4C97-4810-A6F0-F21942375C20}.Release|x86.Build.0 = Release|Any CPU
	EndGlobalSection
	GlobalSection(SolutionProperties) = preSolution
		HideSolutionNode = FALSE
	EndGlobalSection
	GlobalSection(NestedProjects) = preSolution
		{A59B3A8D-0237-496D-961C-1A197D74DF57} = {128A62BE-F4FD-4CBE-862D-20A067D972C7}
		{DB0423C2-9AD0-4811-AECC-AA5DBCF64A86} = {128A62BE-F4FD-4CBE-862D-20A067D972C7}
		{09C24494-F9A4-4815-A083-EDB7453D64B7} = {128A62BE-F4FD-4CBE-862D-20A067D972C7}
		{38838EC0-2421-4EE1-82B4-BA8BA1AD192E} = {128A62BE-F4FD-4CBE-862D-20A067D972C7}
		{DCE97DA5-E725-4A7D-8D05-5E4D522F893B} = {09C24494-F9A4-4815-A083-EDB7453D64B7}
		{D0684539-3B8F-466F-9A9F-D769F8EDE8F8} = {A59B3A8D-0237-496D-961C-1A197D74DF57}
		{8DCC2247-DBEC-477E-BC82-E99CD1B64366} = {DB0423C2-9AD0-4811-AECC-AA5DBCF64A86}
		{D1119867-032C-4658-9836-8839AD3E44FF} = {38838EC0-2421-4EE1-82B4-BA8BA1AD192E}
		{B1E30D0E-E9D2-4DA0-A4AA-239CCFE87514} = {0C0104E1-3A3E-42EB-B9B6-7E87FAB5D7DE}
		{7F75F97D-9446-46C6-8CFF-65CDD5FF60CF} = {0C0104E1-3A3E-42EB-B9B6-7E87FAB5D7DE}
		{95D20CDF-8E6E-4407-9351-6643AC1F6F33} = {0C0104E1-3A3E-42EB-B9B6-7E87FAB5D7DE}
		{11E66E64-D3E2-43BC-B516-40237F915283} = {0C0104E1-3A3E-42EB-B9B6-7E87FAB5D7DE}
		{2A8BFAB1-5573-4540-8585-A03A35682D1E} = {B1E30D0E-E9D2-4DA0-A4AA-239CCFE87514}
		{46BCE6AF-A076-4827-B07A-9AD80D5A2856} = {7F75F97D-9446-46C6-8CFF-65CDD5FF60CF}
		{7EFC6934-7B5F-45DB-82E8-40236A1E0B25} = {95D20CDF-8E6E-4407-9351-6643AC1F6F33}
		{02EC148A-1EC9-474D-806D-C267BEC5CD1D} = {11E66E64-D3E2-43BC-B516-40237F915283}
		{1CCD3F4E-F98D-4FBA-961D-36FFA76055C5} = {09C24494-F9A4-4815-A083-EDB7453D64B7}
		{93CA42D7-4C97-4810-A6F0-F21942375C20} = {95D20CDF-8E6E-4407-9351-6643AC1F6F33}
	EndGlobalSection
	GlobalSection(ExtensibilityGlobals) = postSolution
		SolutionGuid = {79B5FDAC-AECD-42F8-B571-0C2122D1EE52}
	EndGlobalSection
EndGlobal
