
Microsoft Visual Studio Solution File, Format Version 12.00
# Visual Studio 15
VisualStudioVersion = 15.0.26124.0
MinimumVisualStudioVersion = 15.0.26124.0
Project("{2150E333-8FDC-42A3-9474-1A3956D46DE8}") = "src", "src", "{81732C48-E2B5-40DA-9CAE-18A34F4A61A2}"
EndProject
Project("{FAE04EC0-301F-11D3-BF4B-00C04F79EFBC}") = "ICSApp.IS4.Admin", "src\ICSApp.IS4.Admin\ICSApp.IS4.Admin.csproj", "{F341DF1A-A112-4740-BDC8-F2B7324D81FF}"
EndProject
Project("{FAE04EC0-301F-11D3-BF4B-00C04F79EFBC}") = "ICSApp.IS4.STS.Identity", "src\ICSApp.IS4.STS.Identity\ICSApp.IS4.STS.Identity.csproj", "{DE089D9E-8879-4D2A-91B3-8BA40D757633}"
EndProject
Project("{FAE04EC0-301F-11D3-BF4B-00C04F79EFBC}") = "ICSApp.IS4.Admin.Api", "src\ICSApp.IS4.Admin.Api\ICSApp.IS4.Admin.Api.csproj", "{44FB10A3-4C67-417F-A00A-B5B3D5859880}"
EndProject
Project("{FAE04EC0-301F-11D3-BF4B-00C04F79EFBC}") = "ICSApp.IS4.Admin.EntityFramework.Shared", "src\ICSApp.IS4.Admin.EntityFramework.Shared\ICSApp.IS4.Admin.EntityFramework.Shared.csproj", "{AE612B4B-53A3-46BC-858A-D5758FD83E7D}"
EndProject
Project("{FAE04EC0-301F-11D3-BF4B-00C04F79EFBC}") = "ICSApp.IS4.Admin.EntityFramework.MySql", "src\ICSApp.IS4.Admin.EntityFramework.MySql\ICSApp.IS4.Admin.EntityFramework.MySql.csproj", "{89B5D4F5-DB57-4572-B3DF-2C477D155FB7}"
EndProject
Project("{FAE04EC0-301F-11D3-BF4B-00C04F79EFBC}") = "ICSApp.IS4.Admin.EntityFramework.PostgreSQL", "src\ICSApp.IS4.Admin.EntityFramework.PostgreSQL\ICSApp.IS4.Admin.EntityFramework.PostgreSQL.csproj", "{52FFF72E-7F60-4242-A870-EBBC9A4C2A8E}"
EndProject
Project("{FAE04EC0-301F-11D3-BF4B-00C04F79EFBC}") = "ICSApp.IS4.Admin.EntityFramework.SqlServer", "src\ICSApp.IS4.Admin.EntityFramework.SqlServer\ICSApp.IS4.Admin.EntityFramework.SqlServer.csproj", "{4BA63BFE-1709-4908-B263-CE0F23C62AC6}"
EndProject
Project("{FAE04EC0-301F-11D3-BF4B-00C04F79EFBC}") = "ICSApp.IS4.Shared", "src\ICSApp.IS4.Shared\ICSApp.IS4.Shared.csproj", "{D290C28B-2667-46E6-A10B-4B75C8CDAA81}"
EndProject
Global
	GlobalSection(SolutionConfigurationPlatforms) = preSolution
		Debug|Any CPU = Debug|Any CPU
		Debug|x64 = Debug|x64
		Debug|x86 = Debug|x86
		Release|Any CPU = Release|Any CPU
		Release|x64 = Release|x64
		Release|x86 = Release|x86
	EndGlobalSection
	GlobalSection(SolutionProperties) = preSolution
		HideSolutionNode = FALSE
	EndGlobalSection
	GlobalSection(ProjectConfigurationPlatforms) = postSolution
		{F341DF1A-A112-4740-BDC8-F2B7324D81FF}.Debug|Any CPU.ActiveCfg = Debug|Any CPU
		{F341DF1A-A112-4740-BDC8-F2B7324D81FF}.Debug|Any CPU.Build.0 = Debug|Any CPU
		{F341DF1A-A112-4740-BDC8-F2B7324D81FF}.Debug|x64.ActiveCfg = Debug|Any CPU
		{F341DF1A-A112-4740-BDC8-F2B7324D81FF}.Debug|x64.Build.0 = Debug|Any CPU
		{F341DF1A-A112-4740-BDC8-F2B7324D81FF}.Debug|x86.ActiveCfg = Debug|Any CPU
		{F341DF1A-A112-4740-BDC8-F2B7324D81FF}.Debug|x86.Build.0 = Debug|Any CPU
		{F341DF1A-A112-4740-BDC8-F2B7324D81FF}.Release|Any CPU.ActiveCfg = Release|Any CPU
		{F341DF1A-A112-4740-BDC8-F2B7324D81FF}.Release|Any CPU.Build.0 = Release|Any CPU
		{F341DF1A-A112-4740-BDC8-F2B7324D81FF}.Release|x64.ActiveCfg = Release|Any CPU
		{F341DF1A-A112-4740-BDC8-F2B7324D81FF}.Release|x64.Build.0 = Release|Any CPU
		{F341DF1A-A112-4740-BDC8-F2B7324D81FF}.Release|x86.ActiveCfg = Release|Any CPU
		{F341DF1A-A112-4740-BDC8-F2B7324D81FF}.Release|x86.Build.0 = Release|Any CPU
		{DE089D9E-8879-4D2A-91B3-8BA40D757633}.Debug|Any CPU.ActiveCfg = Debug|Any CPU
		{DE089D9E-8879-4D2A-91B3-8BA40D757633}.Debug|Any CPU.Build.0 = Debug|Any CPU
		{DE089D9E-8879-4D2A-91B3-8BA40D757633}.Debug|x64.ActiveCfg = Debug|Any CPU
		{DE089D9E-8879-4D2A-91B3-8BA40D757633}.Debug|x64.Build.0 = Debug|Any CPU
		{DE089D9E-8879-4D2A-91B3-8BA40D757633}.Debug|x86.ActiveCfg = Debug|Any CPU
		{DE089D9E-8879-4D2A-91B3-8BA40D757633}.Debug|x86.Build.0 = Debug|Any CPU
		{DE089D9E-8879-4D2A-91B3-8BA40D757633}.Release|Any CPU.ActiveCfg = Release|Any CPU
		{DE089D9E-8879-4D2A-91B3-8BA40D757633}.Release|Any CPU.Build.0 = Release|Any CPU
		{DE089D9E-8879-4D2A-91B3-8BA40D757633}.Release|x64.ActiveCfg = Release|Any CPU
		{DE089D9E-8879-4D2A-91B3-8BA40D757633}.Release|x64.Build.0 = Release|Any CPU
		{DE089D9E-8879-4D2A-91B3-8BA40D757633}.Release|x86.ActiveCfg = Release|Any CPU
		{DE089D9E-8879-4D2A-91B3-8BA40D757633}.Release|x86.Build.0 = Release|Any CPU
		{44FB10A3-4C67-417F-A00A-B5B3D5859880}.Debug|Any CPU.ActiveCfg = Debug|Any CPU
		{44FB10A3-4C67-417F-A00A-B5B3D5859880}.Debug|Any CPU.Build.0 = Debug|Any CPU
		{44FB10A3-4C67-417F-A00A-B5B3D5859880}.Debug|x64.ActiveCfg = Debug|Any CPU
		{44FB10A3-4C67-417F-A00A-B5B3D5859880}.Debug|x64.Build.0 = Debug|Any CPU
		{44FB10A3-4C67-417F-A00A-B5B3D5859880}.Debug|x86.ActiveCfg = Debug|Any CPU
		{44FB10A3-4C67-417F-A00A-B5B3D5859880}.Debug|x86.Build.0 = Debug|Any CPU
		{44FB10A3-4C67-417F-A00A-B5B3D5859880}.Release|Any CPU.ActiveCfg = Release|Any CPU
		{44FB10A3-4C67-417F-A00A-B5B3D5859880}.Release|Any CPU.Build.0 = Release|Any CPU
		{44FB10A3-4C67-417F-A00A-B5B3D5859880}.Release|x64.ActiveCfg = Release|Any CPU
		{44FB10A3-4C67-417F-A00A-B5B3D5859880}.Release|x64.Build.0 = Release|Any CPU
		{44FB10A3-4C67-417F-A00A-B5B3D5859880}.Release|x86.ActiveCfg = Release|Any CPU
		{44FB10A3-4C67-417F-A00A-B5B3D5859880}.Release|x86.Build.0 = Release|Any CPU
		{AE612B4B-53A3-46BC-858A-D5758FD83E7D}.Debug|Any CPU.ActiveCfg = Debug|Any CPU
		{AE612B4B-53A3-46BC-858A-D5758FD83E7D}.Debug|Any CPU.Build.0 = Debug|Any CPU
		{AE612B4B-53A3-46BC-858A-D5758FD83E7D}.Debug|x64.ActiveCfg = Debug|Any CPU
		{AE612B4B-53A3-46BC-858A-D5758FD83E7D}.Debug|x64.Build.0 = Debug|Any CPU
		{AE612B4B-53A3-46BC-858A-D5758FD83E7D}.Debug|x86.ActiveCfg = Debug|Any CPU
		{AE612B4B-53A3-46BC-858A-D5758FD83E7D}.Debug|x86.Build.0 = Debug|Any CPU
		{AE612B4B-53A3-46BC-858A-D5758FD83E7D}.Release|Any CPU.ActiveCfg = Release|Any CPU
		{AE612B4B-53A3-46BC-858A-D5758FD83E7D}.Release|Any CPU.Build.0 = Release|Any CPU
		{AE612B4B-53A3-46BC-858A-D5758FD83E7D}.Release|x64.ActiveCfg = Release|Any CPU
		{AE612B4B-53A3-46BC-858A-D5758FD83E7D}.Release|x64.Build.0 = Release|Any CPU
		{AE612B4B-53A3-46BC-858A-D5758FD83E7D}.Release|x86.ActiveCfg = Release|Any CPU
		{AE612B4B-53A3-46BC-858A-D5758FD83E7D}.Release|x86.Build.0 = Release|Any CPU
		{89B5D4F5-DB57-4572-B3DF-2C477D155FB7}.Debug|Any CPU.ActiveCfg = Debug|Any CPU
		{89B5D4F5-DB57-4572-B3DF-2C477D155FB7}.Debug|Any CPU.Build.0 = Debug|Any CPU
		{89B5D4F5-DB57-4572-B3DF-2C477D155FB7}.Debug|x64.ActiveCfg = Debug|Any CPU
		{89B5D4F5-DB57-4572-B3DF-2C477D155FB7}.Debug|x64.Build.0 = Debug|Any CPU
		{89B5D4F5-DB57-4572-B3DF-2C477D155FB7}.Debug|x86.ActiveCfg = Debug|Any CPU
		{89B5D4F5-DB57-4572-B3DF-2C477D155FB7}.Debug|x86.Build.0 = Debug|Any CPU
		{89B5D4F5-DB57-4572-B3DF-2C477D155FB7}.Release|Any CPU.ActiveCfg = Release|Any CPU
		{89B5D4F5-DB57-4572-B3DF-2C477D155FB7}.Release|Any CPU.Build.0 = Release|Any CPU
		{89B5D4F5-DB57-4572-B3DF-2C477D155FB7}.Release|x64.ActiveCfg = Release|Any CPU
		{89B5D4F5-DB57-4572-B3DF-2C477D155FB7}.Release|x64.Build.0 = Release|Any CPU
		{89B5D4F5-DB57-4572-B3DF-2C477D155FB7}.Release|x86.ActiveCfg = Release|Any CPU
		{89B5D4F5-DB57-4572-B3DF-2C477D155FB7}.Release|x86.Build.0 = Release|Any CPU
		{52FFF72E-7F60-4242-A870-EBBC9A4C2A8E}.Debug|Any CPU.ActiveCfg = Debug|Any CPU
		{52FFF72E-7F60-4242-A870-EBBC9A4C2A8E}.Debug|Any CPU.Build.0 = Debug|Any CPU
		{52FFF72E-7F60-4242-A870-EBBC9A4C2A8E}.Debug|x64.ActiveCfg = Debug|Any CPU
		{52FFF72E-7F60-4242-A870-EBBC9A4C2A8E}.Debug|x64.Build.0 = Debug|Any CPU
		{52FFF72E-7F60-4242-A870-EBBC9A4C2A8E}.Debug|x86.ActiveCfg = Debug|Any CPU
		{52FFF72E-7F60-4242-A870-EBBC9A4C2A8E}.Debug|x86.Build.0 = Debug|Any CPU
		{52FFF72E-7F60-4242-A870-EBBC9A4C2A8E}.Release|Any CPU.ActiveCfg = Release|Any CPU
		{52FFF72E-7F60-4242-A870-EBBC9A4C2A8E}.Release|Any CPU.Build.0 = Release|Any CPU
		{52FFF72E-7F60-4242-A870-EBBC9A4C2A8E}.Release|x64.ActiveCfg = Release|Any CPU
		{52FFF72E-7F60-4242-A870-EBBC9A4C2A8E}.Release|x64.Build.0 = Release|Any CPU
		{52FFF72E-7F60-4242-A870-EBBC9A4C2A8E}.Release|x86.ActiveCfg = Release|Any CPU
		{52FFF72E-7F60-4242-A870-EBBC9A4C2A8E}.Release|x86.Build.0 = Release|Any CPU
		{4BA63BFE-1709-4908-B263-CE0F23C62AC6}.Debug|Any CPU.ActiveCfg = Debug|Any CPU
		{4BA63BFE-1709-4908-B263-CE0F23C62AC6}.Debug|Any CPU.Build.0 = Debug|Any CPU
		{4BA63BFE-1709-4908-B263-CE0F23C62AC6}.Debug|x64.ActiveCfg = Debug|Any CPU
		{4BA63BFE-1709-4908-B263-CE0F23C62AC6}.Debug|x64.Build.0 = Debug|Any CPU
		{4BA63BFE-1709-4908-B263-CE0F23C62AC6}.Debug|x86.ActiveCfg = Debug|Any CPU
		{4BA63BFE-1709-4908-B263-CE0F23C62AC6}.Debug|x86.Build.0 = Debug|Any CPU
		{4BA63BFE-1709-4908-B263-CE0F23C62AC6}.Release|Any CPU.ActiveCfg = Release|Any CPU
		{4BA63BFE-1709-4908-B263-CE0F23C62AC6}.Release|Any CPU.Build.0 = Release|Any CPU
		{4BA63BFE-1709-4908-B263-CE0F23C62AC6}.Release|x64.ActiveCfg = Release|Any CPU
		{4BA63BFE-1709-4908-B263-CE0F23C62AC6}.Release|x64.Build.0 = Release|Any CPU
		{4BA63BFE-1709-4908-B263-CE0F23C62AC6}.Release|x86.ActiveCfg = Release|Any CPU
		{4BA63BFE-1709-4908-B263-CE0F23C62AC6}.Release|x86.Build.0 = Release|Any CPU
		{D290C28B-2667-46E6-A10B-4B75C8CDAA81}.Debug|Any CPU.ActiveCfg = Debug|Any CPU
		{D290C28B-2667-46E6-A10B-4B75C8CDAA81}.Debug|Any CPU.Build.0 = Debug|Any CPU
		{D290C28B-2667-46E6-A10B-4B75C8CDAA81}.Debug|x64.ActiveCfg = Debug|Any CPU
		{D290C28B-2667-46E6-A10B-4B75C8CDAA81}.Debug|x64.Build.0 = Debug|Any CPU
		{D290C28B-2667-46E6-A10B-4B75C8CDAA81}.Debug|x86.ActiveCfg = Debug|Any CPU
		{D290C28B-2667-46E6-A10B-4B75C8CDAA81}.Debug|x86.Build.0 = Debug|Any CPU
		{D290C28B-2667-46E6-A10B-4B75C8CDAA81}.Release|Any CPU.ActiveCfg = Release|Any CPU
		{D290C28B-2667-46E6-A10B-4B75C8CDAA81}.Release|Any CPU.Build.0 = Release|Any CPU
		{D290C28B-2667-46E6-A10B-4B75C8CDAA81}.Release|x64.ActiveCfg = Release|Any CPU
		{D290C28B-2667-46E6-A10B-4B75C8CDAA81}.Release|x64.Build.0 = Release|Any CPU
		{D290C28B-2667-46E6-A10B-4B75C8CDAA81}.Release|x86.ActiveCfg = Release|Any CPU
		{D290C28B-2667-46E6-A10B-4B75C8CDAA81}.Release|x86.Build.0 = Release|Any CPU
	EndGlobalSection
	GlobalSection(NestedProjects) = preSolution
		{F341DF1A-A112-4740-BDC8-F2B7324D81FF} = {81732C48-E2B5-40DA-9CAE-18A34F4A61A2}
		{DE089D9E-8879-4D2A-91B3-8BA40D757633} = {81732C48-E2B5-40DA-9CAE-18A34F4A61A2}
		{44FB10A3-4C67-417F-A00A-B5B3D5859880} = {81732C48-E2B5-40DA-9CAE-18A34F4A61A2}
		{AE612B4B-53A3-46BC-858A-D5758FD83E7D} = {81732C48-E2B5-40DA-9CAE-18A34F4A61A2}
		{89B5D4F5-DB57-4572-B3DF-2C477D155FB7} = {81732C48-E2B5-40DA-9CAE-18A34F4A61A2}
		{52FFF72E-7F60-4242-A870-EBBC9A4C2A8E} = {81732C48-E2B5-40DA-9CAE-18A34F4A61A2}
		{4BA63BFE-1709-4908-B263-CE0F23C62AC6} = {81732C48-E2B5-40DA-9CAE-18A34F4A61A2}
		{D290C28B-2667-46E6-A10B-4B75C8CDAA81} = {81732C48-E2B5-40DA-9CAE-18A34F4A61A2}
	EndGlobalSection
EndGlobal
